// !$*UTF8*$!
{
	archiveVersion = 1;
	classes = {
	};
	objectVersion = 50;
	objects = {

/* Begin PBXBuildFile section */
		B9BE7F5526020E6400F12324 /* AppDelegate.swift in Sources */ = {isa = PBXBuildFile; fileRef = B9BE7F5426020E6400F12324 /* AppDelegate.swift */; };
		B9BE7F5726020E6400F12324 /* SceneDelegate.swift in Sources */ = {isa = PBXBuildFile; fileRef = B9BE7F5626020E6400F12324 /* SceneDelegate.swift */; };
		B9BE7F5926020E6400F12324 /* ViewController.swift in Sources */ = {isa = PBXBuildFile; fileRef = B9BE7F5826020E6400F12324 /* ViewController.swift */; };
		B9BE7F5C26020E6400F12324 /* Main.storyboard in Resources */ = {isa = PBXBuildFile; fileRef = B9BE7F5A26020E6400F12324 /* Main.storyboard */; };
		B9BE7F5E26020E6400F12324 /* Assets.xcassets in Resources */ = {isa = PBXBuildFile; fileRef = B9BE7F5D26020E6400F12324 /* Assets.xcassets */; };
		B9BE7F6126020E6400F12324 /* LaunchScreen.storyboard in Resources */ = {isa = PBXBuildFile; fileRef = B9BE7F5F26020E6400F12324 /* LaunchScreen.storyboard */; };
		B9BE7F6C26020E6400F12324 /* Home2AutoLayoutTests.swift in Sources */ = {isa = PBXBuildFile; fileRef = B9BE7F6B26020E6400F12324 /* Home2AutoLayoutTests.swift */; };
		B9BE7F7726020E6400F12324 /* Home2AutoLayoutUITests.swift in Sources */ = {isa = PBXBuildFile; fileRef = B9BE7F7626020E6400F12324 /* Home2AutoLayoutUITests.swift */; };
/* End PBXBuildFile section */

/* Begin PBXContainerItemProxy section */
		B9BE7F6826020E6400F12324 /* PBXContainerItemProxy */ = {
			isa = PBXContainerItemProxy;
			containerPortal = B9BE7F4926020E6400F12324 /* Project object */;
			proxyType = 1;
			remoteGlobalIDString = B9BE7F5026020E6400F12324;
			remoteInfo = Home2AutoLayout;
		};
		B9BE7F7326020E6400F12324 /* PBXContainerItemProxy */ = {
			isa = PBXContainerItemProxy;
			containerPortal = B9BE7F4926020E6400F12324 /* Project object */;
			proxyType = 1;
			remoteGlobalIDString = B9BE7F5026020E6400F12324;
			remoteInfo = Home2AutoLayout;
		};
/* End PBXContainerItemProxy section */

/* Begin PBXFileReference section */
		B9BE7F5126020E6400F12324 /* Home2AutoLayout.app */ = {isa = PBXFileReference; explicitFileType = wrapper.application; includeInIndex = 0; path = Home2AutoLayout.app; sourceTree = BUILT_PRODUCTS_DIR; };
		B9BE7F5426020E6400F12324 /* AppDelegate.swift */ = {isa = PBXFileReference; lastKnownFileType = sourcecode.swift; path = AppDelegate.swift; sourceTree = "<group>"; };
		B9BE7F5626020E6400F12324 /* SceneDelegate.swift */ = {isa = PBXFileReference; lastKnownFileType = sourcecode.swift; path = SceneDelegate.swift; sourceTree = "<group>"; };
		B9BE7F5826020E6400F12324 /* ViewController.swift */ = {isa = PBXFileReference; lastKnownFileType = sourcecode.swift; path = ViewController.swift; sourceTree = "<group>"; };
		B9BE7F5B26020E6400F12324 /* Base */ = {isa = PBXFileReference; lastKnownFileType = file.storyboard; name = Base; path = Base.lproj/Main.storyboard; sourceTree = "<group>"; };
		B9BE7F5D26020E6400F12324 /* Assets.xcassets */ = {isa = PBXFileReference; lastKnownFileType = folder.assetcatalog; path = Assets.xcassets; sourceTree = "<group>"; };
		B9BE7F6026020E6400F12324 /* Base */ = {isa = PBXFileReference; lastKnownFileType = file.storyboard; name = Base; path = Base.lproj/LaunchScreen.storyboard; sourceTree = "<group>"; };
		B9BE7F6226020E6400F12324 /* Info.plist */ = {isa = PBXFileReference; lastKnownFileType = text.plist.xml; path = Info.plist; sourceTree = "<group>"; };
		B9BE7F6726020E6400F12324 /* Home2AutoLayoutTests.xctest */ = {isa = PBXFileReference; explicitFileType = wrapper.cfbundle; includeInIndex = 0; path = Home2AutoLayoutTests.xctest; sourceTree = BUILT_PRODUCTS_DIR; };
		B9BE7F6B26020E6400F12324 /* Home2AutoLayoutTests.swift */ = {isa = PBXFileReference; lastKnownFileType = sourcecode.swift; path = Home2AutoLayoutTests.swift; sourceTree = "<group>"; };
		B9BE7F6D26020E6400F12324 /* Info.plist */ = {isa = PBXFileReference; lastKnownFileType = text.plist.xml; path = Info.plist; sourceTree = "<group>"; };
		B9BE7F7226020E6400F12324 /* Home2AutoLayoutUITests.xctest */ = {isa = PBXFileReference; explicitFileType = wrapper.cfbundle; includeInIndex = 0; path = Home2AutoLayoutUITests.xctest; sourceTree = BUILT_PRODUCTS_DIR; };
		B9BE7F7626020E6400F12324 /* Home2AutoLayoutUITests.swift */ = {isa = PBXFileReference; lastKnownFileType = sourcecode.swift; path = Home2AutoLayoutUITests.swift; sourceTree = "<group>"; };
		B9BE7F7826020E6400F12324 /* Info.plist */ = {isa = PBXFileReference; lastKnownFileType = text.plist.xml; path = Info.plist; sourceTree = "<group>"; };
/* End PBXFileReference section */

/* Begin PBXFrameworksBuildPhase section */
		B9BE7F4E26020E6400F12324 /* Frameworks */ = {
			isa = PBXFrameworksBuildPhase;
			buildActionMask = 2147483647;
			files = (
			);
			runOnlyForDeploymentPostprocessing = 0;
		};
		B9BE7F6426020E6400F12324 /* Frameworks */ = {
			isa = PBXFrameworksBuildPhase;
			buildActionMask = 2147483647;
			files = (
			);
			runOnlyForDeploymentPostprocessing = 0;
		};
		B9BE7F6F26020E6400F12324 /* Frameworks */ = {
			isa = PBXFrameworksBuildPhase;
			buildActionMask = 2147483647;
			files = (
			);
			runOnlyForDeploymentPostprocessing = 0;
		};
/* End PBXFrameworksBuildPhase section */

/* Begin PBXGroup section */
		B9BE7F4826020E6400F12324 = {
			isa = PBXGroup;
			children = (
				B9BE7F5326020E6400F12324 /* Home2AutoLayout */,
				B9BE7F6A26020E6400F12324 /* Home2AutoLayoutTests */,
				B9BE7F7526020E6400F12324 /* Home2AutoLayoutUITests */,
				B9BE7F5226020E6400F12324 /* Products */,
			);
			sourceTree = "<group>";
		};
		B9BE7F5226020E6400F12324 /* Products */ = {
			isa = PBXGroup;
			children = (
				B9BE7F5126020E6400F12324 /* Home2AutoLayout.app */,
				B9BE7F6726020E6400F12324 /* Home2AutoLayoutTests.xctest */,
				B9BE7F7226020E6400F12324 /* Home2AutoLayoutUITests.xctest */,
			);
			name = Products;
			sourceTree = "<group>";
		};
		B9BE7F5326020E6400F12324 /* Home2AutoLayout */ = {
			isa = PBXGroup;
			children = (
				B9BE7F5426020E6400F12324 /* AppDelegate.swift */,
				B9BE7F5626020E6400F12324 /* SceneDelegate.swift */,
				B9BE7F5826020E6400F12324 /* ViewController.swift */,
				B9BE7F5A26020E6400F12324 /* Main.storyboard */,
				B9BE7F5D26020E6400F12324 /* Assets.xcassets */,
				B9BE7F5F26020E6400F12324 /* LaunchScreen.storyboard */,
				B9BE7F6226020E6400F12324 /* Info.plist */,
			);
			path = Home2AutoLayout;
			sourceTree = "<group>";
		};
		B9BE7F6A26020E6400F12324 /* Home2AutoLayoutTests */ = {
			isa = PBXGroup;
			children = (
				B9BE7F6B26020E6400F12324 /* Home2AutoLayoutTests.swift */,
				B9BE7F6D26020E6400F12324 /* Info.plist */,
			);
			path = Home2AutoLayoutTests;
			sourceTree = "<group>";
		};
		B9BE7F7526020E6400F12324 /* Home2AutoLayoutUITests */ = {
			isa = PBXGroup;
			children = (
				B9BE7F7626020E6400F12324 /* Home2AutoLayoutUITests.swift */,
				B9BE7F7826020E6400F12324 /* Info.plist */,
			);
			path = Home2AutoLayoutUITests;
			sourceTree = "<group>";
		};
/* End PBXGroup section */

/* Begin PBXNativeTarget section */
		B9BE7F5026020E6400F12324 /* Home2AutoLayout */ = {
			isa = PBXNativeTarget;
			buildConfigurationList = B9BE7F7B26020E6400F12324 /* Build configuration list for PBXNativeTarget "Home2AutoLayout" */;
			buildPhases = (
				B9BE7F4D26020E6400F12324 /* Sources */,
				B9BE7F4E26020E6400F12324 /* Frameworks */,
				B9BE7F4F26020E6400F12324 /* Resources */,
			);
			buildRules = (
			);
			dependencies = (
			);
			name = Home2AutoLayout;
			productName = Home2AutoLayout;
			productReference = B9BE7F5126020E6400F12324 /* Home2AutoLayout.app */;
			productType = "com.apple.product-type.application";
		};
		B9BE7F6626020E6400F12324 /* Home2AutoLayoutTests */ = {
			isa = PBXNativeTarget;
			buildConfigurationList = B9BE7F7E26020E6400F12324 /* Build configuration list for PBXNativeTarget "Home2AutoLayoutTests" */;
			buildPhases = (
				B9BE7F6326020E6400F12324 /* Sources */,
				B9BE7F6426020E6400F12324 /* Frameworks */,
				B9BE7F6526020E6400F12324 /* Resources */,
			);
			buildRules = (
			);
			dependencies = (
				B9BE7F6926020E6400F12324 /* PBXTargetDependency */,
			);
			name = Home2AutoLayoutTests;
			productName = Home2AutoLayoutTests;
			productReference = B9BE7F6726020E6400F12324 /* Home2AutoLayoutTests.xctest */;
			productType = "com.apple.product-type.bundle.unit-test";
		};
		B9BE7F7126020E6400F12324 /* Home2AutoLayoutUITests */ = {
			isa = PBXNativeTarget;
			buildConfigurationList = B9BE7F8126020E6400F12324 /* Build configuration list for PBXNativeTarget "Home2AutoLayoutUITests" */;
			buildPhases = (
				B9BE7F6E26020E6400F12324 /* Sources */,
				B9BE7F6F26020E6400F12324 /* Frameworks */,
				B9BE7F7026020E6400F12324 /* Resources */,
			);
			buildRules = (
			);
			dependencies = (
				B9BE7F7426020E6400F12324 /* PBXTargetDependency */,
			);
			name = Home2AutoLayoutUITests;
			productName = Home2AutoLayoutUITests;
			productReference = B9BE7F7226020E6400F12324 /* Home2AutoLayoutUITests.xctest */;
			productType = "com.apple.product-type.bundle.ui-testing";
		};
/* End PBXNativeTarget section */

/* Begin PBXProject section */
		B9BE7F4926020E6400F12324 /* Project object */ = {
			isa = PBXProject;
			attributes = {
				LastSwiftUpdateCheck = 1240;
				LastUpgradeCheck = 1240;
				TargetAttributes = {
					B9BE7F5026020E6400F12324 = {
						CreatedOnToolsVersion = 12.4;
					};
					B9BE7F6626020E6400F12324 = {
						CreatedOnToolsVersion = 12.4;
						TestTargetID = B9BE7F5026020E6400F12324;
					};
					B9BE7F7126020E6400F12324 = {
						CreatedOnToolsVersion = 12.4;
						TestTargetID = B9BE7F5026020E6400F12324;
					};
				};
			};
			buildConfigurationList = B9BE7F4C26020E6400F12324 /* Build configuration list for PBXProject "Home2AutoLayout" */;
			compatibilityVersion = "Xcode 9.3";
			developmentRegion = en;
			hasScannedForEncodings = 0;
			knownRegions = (
				en,
				Base,
			);
			mainGroup = B9BE7F4826020E6400F12324;
			productRefGroup = B9BE7F5226020E6400F12324 /* Products */;
			projectDirPath = "";
			projectRoot = "";
			targets = (
				B9BE7F5026020E6400F12324 /* Home2AutoLayout */,
				B9BE7F6626020E6400F12324 /* Home2AutoLayoutTests */,
				B9BE7F7126020E6400F12324 /* Home2AutoLayoutUITests */,
			);
		};
/* End PBXProject section */

/* Begin PBXResourcesBuildPhase section */
		B9BE7F4F26020E6400F12324 /* Resources */ = {
			isa = PBXResourcesBuildPhase;
			buildActionMask = 2147483647;
			files = (
				B9BE7F6126020E6400F12324 /* LaunchScreen.storyboard in Resources */,
				B9BE7F5E26020E6400F12324 /* Assets.xcassets in Resources */,
				B9BE7F5C26020E6400F12324 /* Main.storyboard in Resources */,
			);
			runOnlyForDeploymentPostprocessing = 0;
		};
		B9BE7F6526020E6400F12324 /* Resources */ = {
			isa = PBXResourcesBuildPhase;
			buildActionMask = 2147483647;
			files = (
			);
			runOnlyForDeploymentPostprocessing = 0;
		};
		B9BE7F7026020E6400F12324 /* Resources */ = {
			isa = PBXResourcesBuildPhase;
			buildActionMask = 2147483647;
			files = (
			);
			runOnlyForDeploymentPostprocessing = 0;
		};
/* End PBXResourcesBuildPhase section */

/* Begin PBXSourcesBuildPhase section */
		B9BE7F4D26020E6400F12324 /* Sources */ = {
			isa = PBXSourcesBuildPhase;
			buildActionMask = 2147483647;
			files = (
				B9BE7F5926020E6400F12324 /* ViewController.swift in Sources */,
				B9BE7F5526020E6400F12324 /* AppDelegate.swift in Sources */,
				B9BE7F5726020E6400F12324 /* SceneDelegate.swift in Sources */,
			);
			runOnlyForDeploymentPostprocessing = 0;
		};
		B9BE7F6326020E6400F12324 /* Sources */ = {
			isa = PBXSourcesBuildPhase;
			buildActionMask = 2147483647;
			files = (
				B9BE7F6C26020E6400F12324 /* Home2AutoLayoutTests.swift in Sources */,
			);
			runOnlyForDeploymentPostprocessing = 0;
		};
		B9BE7F6E26020E6400F12324 /* Sources */ = {
			isa = PBXSourcesBuildPhase;
			buildActionMask = 2147483647;
			files = (
				B9BE7F7726020E6400F12324 /* Home2AutoLayoutUITests.swift in Sources */,
			);
			runOnlyForDeploymentPostprocessing = 0;
		};
/* End PBXSourcesBuildPhase section */

/* Begin PBXTargetDependency section */
		B9BE7F6926020E6400F12324 /* PBXTargetDependency */ = {
			isa = PBXTargetDependency;
			target = B9BE7F5026020E6400F12324 /* Home2AutoLayout */;
			targetProxy = B9BE7F6826020E6400F12324 /* PBXContainerItemProxy */;
		};
		B9BE7F7426020E6400F12324 /* PBXTargetDependency */ = {
			isa = PBXTargetDependency;
			target = B9BE7F5026020E6400F12324 /* Home2AutoLayout */;
			targetProxy = B9BE7F7326020E6400F12324 /* PBXContainerItemProxy */;
		};
/* End PBXTargetDependency section */

/* Begin PBXVariantGroup section */
		B9BE7F5A26020E6400F12324 /* Main.storyboard */ = {
			isa = PBXVariantGroup;
			children = (
				B9BE7F5B26020E6400F12324 /* Base */,
			);
			name = Main.storyboard;
			sourceTree = "<group>";
		};
		B9BE7F5F26020E6400F12324 /* LaunchScreen.storyboard */ = {
			isa = PBXVariantGroup;
			children = (
				B9BE7F6026020E6400F12324 /* Base */,
			);
			name = LaunchScreen.storyboard;
			sourceTree = "<group>";
		};
/* End PBXVariantGroup section */

/* Begin XCBuildConfiguration section */
		B9BE7F7926020E6400F12324 /* Debug */ = {
			isa = XCBuildConfiguration;
			buildSettings = {
				ALWAYS_SEARCH_USER_PATHS = NO;
				CLANG_ANALYZER_NONNULL = YES;
				CLANG_ANALYZER_NUMBER_OBJECT_CONVERSION = YES_AGGRESSIVE;
				CLANG_CXX_LANGUAGE_STANDARD = "gnu++14";
				CLANG_CXX_LIBRARY = "libc++";
				CLANG_ENABLE_MODULES = YES;
				CLANG_ENABLE_OBJC_ARC = YES;
				CLANG_ENABLE_OBJC_WEAK = YES;
				CLANG_WARN_BLOCK_CAPTURE_AUTORELEASING = YES;
				CLANG_WARN_BOOL_CONVERSION = YES;
				CLANG_WARN_COMMA = YES;
				CLANG_WARN_CONSTANT_CONVERSION = YES;
				CLANG_WARN_DEPRECATED_OBJC_IMPLEMENTATIONS = YES;
				CLANG_WARN_DIRECT_OBJC_ISA_USAGE = YES_ERROR;
				CLANG_WARN_DOCUMENTATION_COMMENTS = YES;
				CLANG_WARN_EMPTY_BODY = YES;
				CLANG_WARN_ENUM_CONVERSION = YES;
				CLANG_WARN_INFINITE_RECURSION = YES;
				CLANG_WARN_INT_CONVERSION = YES;
				CLANG_WARN_NON_LITERAL_NULL_CONVERSION = YES;
				CLANG_WARN_OBJC_IMPLICIT_RETAIN_SELF = YES;
				CLANG_WARN_OBJC_LITERAL_CONVERSION = YES;
				CLANG_WARN_OBJC_ROOT_CLASS = YES_ERROR;
				CLANG_WARN_QUOTED_INCLUDE_IN_FRAMEWORK_HEADER = YES;
				CLANG_WARN_RANGE_LOOP_ANALYSIS = YES;
				CLANG_WARN_STRICT_PROTOTYPES = YES;
				CLANG_WARN_SUSPICIOUS_MOVE = YES;
				CLANG_WARN_UNGUARDED_AVAILABILITY = YES_AGGRESSIVE;
				CLANG_WARN_UNREACHABLE_CODE = YES;
				CLANG_WARN__DUPLICATE_METHOD_MATCH = YES;
				COPY_PHASE_STRIP = NO;
				DEBUG_INFORMATION_FORMAT = dwarf;
				ENABLE_STRICT_OBJC_MSGSEND = YES;
				ENABLE_TESTABILITY = YES;
				GCC_C_LANGUAGE_STANDARD = gnu11;
				GCC_DYNAMIC_NO_PIC = NO;
				GCC_NO_COMMON_BLOCKS = YES;
				GCC_OPTIMIZATION_LEVEL = 0;
				GCC_PREPROCESSOR_DEFINITIONS = (
					"DEBUG=1",
					"$(inherited)",
				);
				GCC_WARN_64_TO_32_BIT_CONVERSION = YES;
				GCC_WARN_ABOUT_RETURN_TYPE = YES_ERROR;
				GCC_WARN_UNDECLARED_SELECTOR = YES;
				GCC_WARN_UNINITIALIZED_AUTOS = YES_AGGRESSIVE;
				GCC_WARN_UNUSED_FUNCTION = YES;
				GCC_WARN_UNUSED_VARIABLE = YES;
				IPHONEOS_DEPLOYMENT_TARGET = 14.4;
				MTL_ENABLE_DEBUG_INFO = INCLUDE_SOURCE;
				MTL_FAST_MATH = YES;
				ONLY_ACTIVE_ARCH = YES;
				SDKROOT = iphoneos;
				SWIFT_ACTIVE_COMPILATION_CONDITIONS = DEBUG;
				SWIFT_OPTIMIZATION_LEVEL = "-Onone";
			};
			name = Debug;
		};
		B9BE7F7A26020E6400F12324 /* Release */ = {
			isa = XCBuildConfiguration;
			buildSettings = {
				ALWAYS_SEARCH_USER_PATHS = NO;
				CLANG_ANALYZER_NONNULL = YES;
				CLANG_ANALYZER_NUMBER_OBJECT_CONVERSION = YES_AGGRESSIVE;
				CLANG_CXX_LANGUAGE_STANDARD = "gnu++14";
				CLANG_CXX_LIBRARY = "libc++";
				CLANG_ENABLE_MODULES = YES;
				CLANG_ENABLE_OBJC_ARC = YES;
				CLANG_ENABLE_OBJC_WEAK = YES;
				CLANG_WARN_BLOCK_CAPTURE_AUTORELEASING = YES;
				CLANG_WARN_BOOL_CONVERSION = YES;
				CLANG_WARN_COMMA = YES;
				CLANG_WARN_CONSTANT_CONVERSION = YES;
				CLANG_WARN_DEPRECATED_OBJC_IMPLEMENTATIONS = YES;
				CLANG_WARN_DIRECT_OBJC_ISA_USAGE = YES_ERROR;
				CLANG_WARN_DOCUMENTATION_COMMENTS = YES;
				CLANG_WARN_EMPTY_BODY = YES;
				CLANG_WARN_ENUM_CONVERSION = YES;
				CLANG_WARN_INFINITE_RECURSION = YES;
				CLANG_WARN_INT_CONVERSION = YES;
				CLANG_WARN_NON_LITERAL_NULL_CONVERSION = YES;
				CLANG_WARN_OBJC_IMPLICIT_RETAIN_SELF = YES;
				CLANG_WARN_OBJC_LITERAL_CONVERSION = YES;
				CLANG_WARN_OBJC_ROOT_CLASS = YES_ERROR;
				CLANG_WARN_QUOTED_INCLUDE_IN_FRAMEWORK_HEADER = YES;
				CLANG_WARN_RANGE_LOOP_ANALYSIS = YES;
				CLANG_WARN_STRICT_PROTOTYPES = YES;
				CLANG_WARN_SUSPICIOUS_MOVE = YES;
				CLANG_WARN_UNGUARDED_AVAILABILITY = YES_AGGRESSIVE;
				CLANG_WARN_UNREACHABLE_CODE = YES;
				CLANG_WARN__DUPLICATE_METHOD_MATCH = YES;
				COPY_PHASE_STRIP = NO;
				DEBUG_INFORMATION_FORMAT = "dwarf-with-dsym";
				ENABLE_NS_ASSERTIONS = NO;
				ENABLE_STRICT_OBJC_MSGSEND = YES;
				GCC_C_LANGUAGE_STANDARD = gnu11;
				GCC_NO_COMMON_BLOCKS = YES;
				GCC_WARN_64_TO_32_BIT_CONVERSION = YES;
				GCC_WARN_ABOUT_RETURN_TYPE = YES_ERROR;
				GCC_WARN_UNDECLARED_SELECTOR = YES;
				GCC_WARN_UNINITIALIZED_AUTOS = YES_AGGRESSIVE;
				GCC_WARN_UNUSED_FUNCTION = YES;
				GCC_WARN_UNUSED_VARIABLE = YES;
				IPHONEOS_DEPLOYMENT_TARGET = 14.4;
				MTL_ENABLE_DEBUG_INFO = NO;
				MTL_FAST_MATH = YES;
				SDKROOT = iphoneos;
				SWIFT_COMPILATION_MODE = wholemodule;
				SWIFT_OPTIMIZATION_LEVEL = "-O";
				VALIDATE_PRODUCT = YES;
			};
			name = Release;
		};
		B9BE7F7C26020E6400F12324 /* Debug */ = {
			isa = XCBuildConfiguration;
			buildSettings = {
				ASSETCATALOG_COMPILER_APPICON_NAME = AppIcon;
				ASSETCATALOG_COMPILER_GLOBAL_ACCENT_COLOR_NAME = AccentColor;
				CODE_SIGN_STYLE = Automatic;
				DEVELOPMENT_TEAM = 6QJJST42J9;
				INFOPLIST_FILE = Home2AutoLayout/Info.plist;
				LD_RUNPATH_SEARCH_PATHS = (
					"$(inherited)",
					"@executable_path/Frameworks",
				);
				PRODUCT_BUNDLE_IDENTIFIER = com.minbdev.Home2AutoLayout;
				PRODUCT_NAME = "$(TARGET_NAME)";
				SWIFT_VERSION = 5.0;
				TARGETED_DEVICE_FAMILY = "1,2";
			};
			name = Debug;
		};
		B9BE7F7D26020E6400F12324 /* Release */ = {
			isa = XCBuildConfiguration;
			buildSettings = {
				ASSETCATALOG_COMPILER_APPICON_NAME = AppIcon;
				ASSETCATALOG_COMPILER_GLOBAL_ACCENT_COLOR_NAME = AccentColor;
				CODE_SIGN_STYLE = Automatic;
				DEVELOPMENT_TEAM = 6QJJST42J9;
				INFOPLIST_FILE = Home2AutoLayout/Info.plist;
				LD_RUNPATH_SEARCH_PATHS = (
					"$(inherited)",
					"@executable_path/Frameworks",
				);
				PRODUCT_BUNDLE_IDENTIFIER = com.minbdev.Home2AutoLayout;
				PRODUCT_NAME = "$(TARGET_NAME)";
				SWIFT_VERSION = 5.0;
				TARGETED_DEVICE_FAMILY = "1,2";
			};
			name = Release;
		};
		B9BE7F7F26020E6400F12324 /* Debug */ = {
			isa = XCBuildConfiguration;
			buildSettings = {
				ALWAYS_EMBED_SWIFT_STANDARD_LIBRARIES = YES;
				BUNDLE_LOADER = "$(TEST_HOST)";
				CODE_SIGN_STYLE = Automatic;
				DEVELOPMENT_TEAM = 6QJJST42J9;
				INFOPLIST_FILE = Home2AutoLayoutTests/Info.plist;
				IPHONEOS_DEPLOYMENT_TARGET = 14.4;
				LD_RUNPATH_SEARCH_PATHS = (
					"$(inherited)",
					"@executable_path/Frameworks",
					"@loader_path/Frameworks",
				);
				PRODUCT_BUNDLE_IDENTIFIER = com.minbdev.Home2AutoLayoutTests;
				PRODUCT_NAME = "$(TARGET_NAME)";
				SWIFT_VERSION = 5.0;
				TARGETED_DEVICE_FAMILY = "1,2";
				TEST_HOST = "$(BUILT_PRODUCTS_DIR)/Home2AutoLayout.app/Home2AutoLayout";
			};
			name = Debug;
		};
		B9BE7F8026020E6400F12324 /* Release */ = {
			isa = XCBuildConfiguration;
			buildSettings = {
				ALWAYS_EMBED_SWIFT_STANDARD_LIBRARIES = YES;
				BUNDLE_LOADER = "$(TEST_HOST)";
				CODE_SIGN_STYLE = Automatic;
				DEVELOPMENT_TEAM = 6QJJST42J9;
				INFOPLIST_FILE = Home2AutoLayoutTests/Info.plist;
				IPHONEOS_DEPLOYMENT_TARGET = 14.4;
				LD_RUNPATH_SEARCH_PATHS = (
					"$(inherited)",
					"@executable_path/Frameworks",
					"@loader_path/Frameworks",
				);
				PRODUCT_BUNDLE_IDENTIFIER = com.minbdev.Home2AutoLayoutTests;
				PRODUCT_NAME = "$(TARGET_NAME)";
				SWIFT_VERSION = 5.0;
				TARGETED_DEVICE_FAMILY = "1,2";
				TEST_HOST = "$(BUILT_PRODUCTS_DIR)/Home2AutoLayout.app/Home2AutoLayout";
			};
			name = Release;
		};
		B9BE7F8226020E6400F12324 /* Debug */ = {
			isa = XCBuildConfiguration;
			buildSettings = {
				ALWAYS_EMBED_SWIFT_STANDARD_LIBRARIES = YES;
				CODE_SIGN_STYLE = Automatic;
				DEVELOPMENT_TEAM = 6QJJST42J9;
				INFOPLIST_FILE = Home2AutoLayoutUITests/Info.plist;
				LD_RUNPATH_SEARCH_PATHS = (
					"$(inherited)",
					"@executable_path/Frameworks",
					"@loader_path/Frameworks",
				);
				PRODUCT_BUNDLE_IDENTIFIER = com.minbdev.Home2AutoLayoutUITests;
				PRODUCT_NAME = "$(TARGET_NAME)";
				SWIFT_VERSION = 5.0;
				TARGETED_DEVICE_FAMILY = "1,2";
				TEST_TARGET_NAME = Home2AutoLayout;
			};
			name = Debug;
		};
		B9BE7F8326020E6400F12324 /* Release */ = {
			isa = XCBuildConfiguration;
			buildSettings = {
				ALWAYS_EMBED_SWIFT_STANDARD_LIBRARIES = YES;
				CODE_SIGN_STYLE = Automatic;
				DEVELOPMENT_TEAM = 6QJJST42J9;
				INFOPLIST_FILE = Home2AutoLayoutUITests/Info.plist;
				LD_RUNPATH_SEARCH_PATHS = (
					"$(inherited)",
					"@executable_path/Frameworks",
					"@loader_path/Frameworks",
				);
				PRODUCT_BUNDLE_IDENTIFIER = com.minbdev.Home2AutoLayoutUITests;
				PRODUCT_NAME = "$(TARGET_NAME)";
				SWIFT_VERSION = 5.0;
				TARGETED_DEVICE_FAMILY = "1,2";
				TEST_TARGET_NAME = Home2AutoLayout;
			};
			name = Release;
		};
/* End XCBuildConfiguration section */

/* Begin XCConfigurationList section */
		B9BE7F4C26020E6400F12324 /* Build configuration list for PBXProject "Home2AutoLayout" */ = {
			isa = XCConfigurationList;
			buildConfigurations = (
				B9BE7F7926020E6400F12324 /* Debug */,
				B9BE7F7A26020E6400F12324 /* Release */,
			);
			defaultConfigurationIsVisible = 0;
			defaultConfigurationName = Release;
		};
		B9BE7F7B26020E6400F12324 /* Build configuration list for PBXNativeTarget "Home2AutoLayout" */ = {
			isa = XCConfigurationList;
			buildConfigurations = (
				B9BE7F7C26020E6400F12324 /* Debug */,
				B9BE7F7D26020E6400F12324 /* Release */,
			);
			defaultConfigurationIsVisible = 0;
			defaultConfigurationName = Release;
		};
		B9BE7F7E26020E6400F12324 /* Build configuration list for PBXNativeTarget "Home2AutoLayoutTests" */ = {
			isa = XCConfigurationList;
			buildConfigurations = (
				B9BE7F7F26020E6400F12324 /* Debug */,
				B9BE7F8026020E6400F12324 /* Release */,
			);
			defaultConfigurationIsVisible = 0;
			defaultConfigurationName = Release;
		};
		B9BE7F8126020E6400F12324 /* Build configuration list for PBXNativeTarget "Home2AutoLayoutUITests" */ = {
			isa = XCConfigurationList;
			buildConfigurations = (
				B9BE7F8226020E6400F12324 /* Debug */,
				B9BE7F8326020E6400F12324 /* Release */,
			);
			defaultConfigurationIsVisible = 0;
			defaultConfigurationName = Release;
		};
/* End XCConfigurationList section */
	};
	rootObject = B9BE7F4926020E6400F12324 /* Project object */;
}
